
Microsoft Visual Studio Solution File, Format Version 12.00
# Visual Studio Version 17
VisualStudioVersion = 17.14.37111.16 d17.14
MinimumVisualStudioVersion = 10.0.40219.1
Project("{FAE04EC0-301F-11D3-BF4B-00C04F79EFBC}") = "TK", "TK\TK.csproj", "{04D85E87-6A19-40A9-8227-42D54425329A}"
EndProject
Global
	GlobalSection(SolutionConfigurationPlatforms) = preSolution
		Debug|Any CPU = Debug|Any CPU
		Release|Any CPU = Release|Any CPU
	EndGlobalSection
	GlobalSection(ProjectConfigurationPlatforms) = postSolution
		{04D85E87-6A19-40A9-8227-42D54425329A}.Debug|Any CPU.ActiveCfg = Debug|Any CPU
		{04D85E87-6A19-40A9-8227-42D54425329A}.Debug|Any CPU.Build.0 = Debug|Any CPU
		{04D85E87-6A19-40A9-8227-42D54425329A}.Release|Any CPU.ActiveCfg = Release|Any CPU
		{04D85E87-6A19-40A9-8227-42D54425329A}.Release|Any CPU.Build.0 = Release|Any CPU
	EndGlobalSection
	GlobalSection(SolutionProperties) = preSolution
		HideSolutionNode = FALSE
	EndGlobalSection
	GlobalSection(ExtensibilityGlobals) = postSolution
		SolutionGuid = {7591AF65-D7A0-4F4D-80B7-119C14874B27}
	EndGlobalSection
EndGlobal
